
Microsoft Visual Studio Solution File, Format Version 12.00
# Visual Studio Version 17
VisualStudioVersion = 17.7.34031.279
MinimumVisualStudioVersion = 10.0.40219.1
Project("{FAE04EC0-301F-11D3-BF4B-00C04F79EFBC}") = "Week 3 Loops", "Week 3 Loops\Week 3 Loops.csproj", "{C49F82C7-B474-4E32-8DA3-E15DF92D73C9}"
EndProject
Global
	GlobalSection(SolutionConfigurationPlatforms) = preSolution
		Debug|Any CPU = Debug|Any CPU
		Release|Any CPU = Release|Any CPU
	EndGlobalSection
	GlobalSection(ProjectConfigurationPlatforms) = postSolution
		{C49F82C7-B474-4E32-8DA3-E15DF92D73C9}.Debug|Any CPU.ActiveCfg = Debug|Any CPU
		{C49F82C7-B474-4E32-8DA3-E15DF92D73C9}.Debug|Any CPU.Build.0 = Debug|Any CPU
		{C49F82C7-B474-4E32-8DA3-E15DF92D73C9}.Release|Any CPU.ActiveCfg = Release|Any CPU
		{C49F82C7-B474-4E32-8DA3-E15DF92D73C9}.Release|Any CPU.Build.0 = Release|Any CPU
	EndGlobalSection
	GlobalSection(SolutionProperties) = preSolution
		HideSolutionNode = FALSE
	EndGlobalSection
	GlobalSection(ExtensibilityGlobals) = postSolution
		SolutionGuid = {FA3A0562-5EB6-4CE8-8710-D3B99C43B1D5}
	EndGlobalSection
EndGlobal
